
Microsoft Visual Studio Solution File, Format Version 12.00
# Visual Studio Version 17
VisualStudioVersion = 17.10.35013.160
MinimumVisualStudioVersion = 10.0.40219.1
Project("{FAE04EC0-301F-11D3-BF4B-00C04F79EFBC}") = "PurpuraWeb", "PurpuraWeb\PurpuraWeb.csproj", "{BD32959C-0E8D-4852-A14B-02B50F39200A}"
EndProject
Project("{FAE04EC0-301F-11D3-BF4B-00C04F79EFBC}") = "Purpura.DataAccess", "Purpura.DataAccess\Purpura.DataAccess.csproj", "{2A760315-B8CE-4528-B596-F4D00025C77C}"
EndProject
Project("{FAE04EC0-301F-11D3-BF4B-00C04F79EFBC}") = "Purpura.Models", "Purpura.Models\Purpura.Models.csproj", "{DA5C59F8-CDF3-428F-A175-92B293B78F91}"
EndProject
Project("{FAE04EC0-301F-11D3-BF4B-00C04F79EFBC}") = "Purpura.Common", "Purpura.Common\Purpura.Common.csproj", "{D49B6D8E-FAC4-4291-947D-6E317E2FFCEA}"
EndProject
Project("{FAE04EC0-301F-11D3-BF4B-00C04F79EFBC}") = "Purpura.Utility", "Purpura.Utility\Purpura.Utility.csproj", "{989CD185-0988-4ACB-9A49-AFE6F38FD67B}"
EndProject
Project("{FAE04EC0-301F-11D3-BF4B-00C04F79EFBC}") = "Purpura.MappingProfiles", "Purpura.MappingProfiles\Purpura.MappingProfiles.csproj", "{18C3138A-A732-45B1-BDE0-E86E9F66304E}"
EndProject
Global
	GlobalSection(SolutionConfigurationPlatforms) = preSolution
		Debug|Any CPU = Debug|Any CPU
		Release|Any CPU = Release|Any CPU
	EndGlobalSection
	GlobalSection(ProjectConfigurationPlatforms) = postSolution
		{BD32959C-0E8D-4852-A14B-02B50F39200A}.Debug|Any CPU.ActiveCfg = Debug|Any CPU
		{BD32959C-0E8D-4852-A14B-02B50F39200A}.Debug|Any CPU.Build.0 = Debug|Any CPU
		{BD32959C-0E8D-4852-A14B-02B50F39200A}.Release|Any CPU.ActiveCfg = Release|Any CPU
		{BD32959C-0E8D-4852-A14B-02B50F39200A}.Release|Any CPU.Build.0 = Release|Any CPU
		{2A760315-B8CE-4528-B596-F4D00025C77C}.Debug|Any CPU.ActiveCfg = Debug|Any CPU
		{2A760315-B8CE-4528-B596-F4D00025C77C}.Debug|Any CPU.Build.0 = Debug|Any CPU
		{2A760315-B8CE-4528-B596-F4D00025C77C}.Release|Any CPU.ActiveCfg = Release|Any CPU
		{2A760315-B8CE-4528-B596-F4D00025C77C}.Release|Any CPU.Build.0 = Release|Any CPU
		{DA5C59F8-CDF3-428F-A175-92B293B78F91}.Debug|Any CPU.ActiveCfg = Debug|Any CPU
		{DA5C59F8-CDF3-428F-A175-92B293B78F91}.Debug|Any CPU.Build.0 = Debug|Any CPU
		{DA5C59F8-CDF3-428F-A175-92B293B78F91}.Release|Any CPU.ActiveCfg = Release|Any CPU
		{DA5C59F8-CDF3-428F-A175-92B293B78F91}.Release|Any CPU.Build.0 = Release|Any CPU
		{D49B6D8E-FAC4-4291-947D-6E317E2FFCEA}.Debug|Any CPU.ActiveCfg = Debug|Any CPU
		{D49B6D8E-FAC4-4291-947D-6E317E2FFCEA}.Debug|Any CPU.Build.0 = Debug|Any CPU
		{D49B6D8E-FAC4-4291-947D-6E317E2FFCEA}.Release|Any CPU.ActiveCfg = Release|Any CPU
		{D49B6D8E-FAC4-4291-947D-6E317E2FFCEA}.Release|Any CPU.Build.0 = Release|Any CPU
		{989CD185-0988-4ACB-9A49-AFE6F38FD67B}.Debug|Any CPU.ActiveCfg = Debug|Any CPU
		{989CD185-0988-4ACB-9A49-AFE6F38FD67B}.Debug|Any CPU.Build.0 = Debug|Any CPU
		{989CD185-0988-4ACB-9A49-AFE6F38FD67B}.Release|Any CPU.ActiveCfg = Release|Any CPU
		{989CD185-0988-4ACB-9A49-AFE6F38FD67B}.Release|Any CPU.Build.0 = Release|Any CPU
		{18C3138A-A732-45B1-BDE0-E86E9F66304E}.Debug|Any CPU.ActiveCfg = Debug|Any CPU
		{18C3138A-A732-45B1-BDE0-E86E9F66304E}.Debug|Any CPU.Build.0 = Debug|Any CPU
		{18C3138A-A732-45B1-BDE0-E86E9F66304E}.Release|Any CPU.ActiveCfg = Release|Any CPU
		{18C3138A-A732-45B1-BDE0-E86E9F66304E}.Release|Any CPU.Build.0 = Release|Any CPU
	EndGlobalSection
	GlobalSection(SolutionProperties) = preSolution
		HideSolutionNode = FALSE
	EndGlobalSection
	GlobalSection(ExtensibilityGlobals) = postSolution
		SolutionGuid = {607280F6-1B83-4CD9-9763-4B42D611B7FC}
	EndGlobalSection
EndGlobal
